
Microsoft Visual Studio Solution File, Format Version 12.00
# Visual Studio 15
VisualStudioVersion = 15.0.26730.16
MinimumVisualStudioVersion = 10.0.40219.1
Project("{2150E333-8FDC-42A3-9474-1A3956D46DE8}") = "libraries", "libraries", "{F17D3B73-B1FC-48E2-B561-181921C80A9C}"
EndProject
Project("{2150E333-8FDC-42A3-9474-1A3956D46DE8}") = "micro-services", "micro-services", "{D21D9EF4-319C-4AD4-BF80-233F28C192A1}"
EndProject
Project("{2150E333-8FDC-42A3-9474-1A3956D46DE8}") = "apps", "apps", "{AB16EDFB-0562-4E8E-8A9A-E4AAAD6D8898}"
EndProject
Project("{9A19103F-16F7-4668-BE54-9A1E7A4F7556}") = "bc.cores.modular", "bc.cores.modular\bc.cores.modular.csproj", "{2A44F56C-00FE-467B-94F0-CCCDA2C07BED}"
EndProject
Project("{9A19103F-16F7-4668-BE54-9A1E7A4F7556}") = "bc.multiverse.edu", "bc.multiverse.edu\bc.multiverse.edu.csproj", "{CAF6C492-8980-4C6F-810B-27B56A2C1770}"
EndProject
Project("{2150E333-8FDC-42A3-9474-1A3956D46DE8}") = "modules", "modules", "{F184028D-91DA-4FF8-BC04-8EF88D026F34}"
EndProject
Project("{9A19103F-16F7-4668-BE54-9A1E7A4F7556}") = "bc.cores.repositories", "bc.cores.repositories\bc.cores.repositories.csproj", "{706D2179-4FE2-4FB1-9D72-DE373E5F5784}"
EndProject
Project("{9A19103F-16F7-4668-BE54-9A1E7A4F7556}") = "bc.modulars.repositories", "bc.modulars.repositories\bc.modulars.repositories.csproj", "{E55BE831-27D9-442F-8891-5A6F13CDB44E}"
EndProject
Project("{9A19103F-16F7-4668-BE54-9A1E7A4F7556}") = "bc.services.accounts.api", "bc.services.accounts.api\bc.services.accounts.api.csproj", "{E9AFD5EE-B30F-4328-ABC3-A62CF7B5D39A}"
EndProject
Project("{9A19103F-16F7-4668-BE54-9A1E7A4F7556}") = "bc.services.exams.api", "bc.services.exams.api\bc.services.exams.api.csproj", "{F2C55A05-536D-49AD-8479-669DBD27F18C}"
EndProject
Project("{FAE04EC0-301F-11D3-BF4B-00C04F79EFBC}") = "bc.cores.jwt", "bc.cores.jwt\bc.cores.jwt.csproj", "{9325FB28-E5C3-438E-91F0-7553AD05989D}"
EndProject
Global
	GlobalSection(SolutionConfigurationPlatforms) = preSolution
		Debug|Any CPU = Debug|Any CPU
		Release|Any CPU = Release|Any CPU
	EndGlobalSection
	GlobalSection(ProjectConfigurationPlatforms) = postSolution
		{2A44F56C-00FE-467B-94F0-CCCDA2C07BED}.Debug|Any CPU.ActiveCfg = Debug|Any CPU
		{2A44F56C-00FE-467B-94F0-CCCDA2C07BED}.Debug|Any CPU.Build.0 = Debug|Any CPU
		{2A44F56C-00FE-467B-94F0-CCCDA2C07BED}.Release|Any CPU.ActiveCfg = Release|Any CPU
		{2A44F56C-00FE-467B-94F0-CCCDA2C07BED}.Release|Any CPU.Build.0 = Release|Any CPU
		{CAF6C492-8980-4C6F-810B-27B56A2C1770}.Debug|Any CPU.ActiveCfg = Debug|Any CPU
		{CAF6C492-8980-4C6F-810B-27B56A2C1770}.Debug|Any CPU.Build.0 = Debug|Any CPU
		{CAF6C492-8980-4C6F-810B-27B56A2C1770}.Release|Any CPU.ActiveCfg = Release|Any CPU
		{CAF6C492-8980-4C6F-810B-27B56A2C1770}.Release|Any CPU.Build.0 = Release|Any CPU
		{706D2179-4FE2-4FB1-9D72-DE373E5F5784}.Debug|Any CPU.ActiveCfg = Debug|Any CPU
		{706D2179-4FE2-4FB1-9D72-DE373E5F5784}.Debug|Any CPU.Build.0 = Debug|Any CPU
		{706D2179-4FE2-4FB1-9D72-DE373E5F5784}.Release|Any CPU.ActiveCfg = Release|Any CPU
		{706D2179-4FE2-4FB1-9D72-DE373E5F5784}.Release|Any CPU.Build.0 = Release|Any CPU
		{E55BE831-27D9-442F-8891-5A6F13CDB44E}.Debug|Any CPU.ActiveCfg = Debug|Any CPU
		{E55BE831-27D9-442F-8891-5A6F13CDB44E}.Debug|Any CPU.Build.0 = Debug|Any CPU
		{E55BE831-27D9-442F-8891-5A6F13CDB44E}.Release|Any CPU.ActiveCfg = Release|Any CPU
		{E55BE831-27D9-442F-8891-5A6F13CDB44E}.Release|Any CPU.Build.0 = Release|Any CPU
		{E9AFD5EE-B30F-4328-ABC3-A62CF7B5D39A}.Debug|Any CPU.ActiveCfg = Debug|Any CPU
		{E9AFD5EE-B30F-4328-ABC3-A62CF7B5D39A}.Debug|Any CPU.Build.0 = Debug|Any CPU
		{E9AFD5EE-B30F-4328-ABC3-A62CF7B5D39A}.Release|Any CPU.ActiveCfg = Release|Any CPU
		{E9AFD5EE-B30F-4328-ABC3-A62CF7B5D39A}.Release|Any CPU.Build.0 = Release|Any CPU
		{F2C55A05-536D-49AD-8479-669DBD27F18C}.Debug|Any CPU.ActiveCfg = Debug|Any CPU
		{F2C55A05-536D-49AD-8479-669DBD27F18C}.Debug|Any CPU.Build.0 = Debug|Any CPU
		{F2C55A05-536D-49AD-8479-669DBD27F18C}.Release|Any CPU.ActiveCfg = Release|Any CPU
		{F2C55A05-536D-49AD-8479-669DBD27F18C}.Release|Any CPU.Build.0 = Release|Any CPU
		{9325FB28-E5C3-438E-91F0-7553AD05989D}.Debug|Any CPU.ActiveCfg = Debug|Any CPU
		{9325FB28-E5C3-438E-91F0-7553AD05989D}.Debug|Any CPU.Build.0 = Debug|Any CPU
		{9325FB28-E5C3-438E-91F0-7553AD05989D}.Release|Any CPU.ActiveCfg = Release|Any CPU
		{9325FB28-E5C3-438E-91F0-7553AD05989D}.Release|Any CPU.Build.0 = Release|Any CPU
	EndGlobalSection
	GlobalSection(SolutionProperties) = preSolution
		HideSolutionNode = FALSE
	EndGlobalSection
	GlobalSection(NestedProjects) = preSolution
		{2A44F56C-00FE-467B-94F0-CCCDA2C07BED} = {F17D3B73-B1FC-48E2-B561-181921C80A9C}
		{CAF6C492-8980-4C6F-810B-27B56A2C1770} = {AB16EDFB-0562-4E8E-8A9A-E4AAAD6D8898}
		{706D2179-4FE2-4FB1-9D72-DE373E5F5784} = {F17D3B73-B1FC-48E2-B561-181921C80A9C}
		{E55BE831-27D9-442F-8891-5A6F13CDB44E} = {F184028D-91DA-4FF8-BC04-8EF88D026F34}
		{E9AFD5EE-B30F-4328-ABC3-A62CF7B5D39A} = {D21D9EF4-319C-4AD4-BF80-233F28C192A1}
		{F2C55A05-536D-49AD-8479-669DBD27F18C} = {D21D9EF4-319C-4AD4-BF80-233F28C192A1}
		{9325FB28-E5C3-438E-91F0-7553AD05989D} = {F17D3B73-B1FC-48E2-B561-181921C80A9C}
	EndGlobalSection
	GlobalSection(ExtensibilityGlobals) = postSolution
		SolutionGuid = {3335FCD6-601F-4599-A643-69FB042F2418}
	EndGlobalSection
EndGlobal
